{
  "pins" : [
    {
      "identity" : "viewinspector",
      "kind" : "remoteSourceControl",
      "location" : "https://github.com/nalexn/ViewInspector",
      "state" : {
        "branch" : "0.9.4",
        "revision" : "86d52f6a5d96737e7b969647b3b41a045bec5bcd"
      }
    }
  ],
  "version" : 2
}
