{
  "pins" : [
    {
      "identity" : "viewinspector",
      "kind" : "remoteSourceControl",
      "location" : "https://github.com/nalexn/ViewInspector",
      "state" : {
        "branch" : "0.9.4",
        "revision" : "724c7e396ec444e4e3edb73cb4a1c411f9ca5b50"
      }
    }
  ],
  "version" : 2
}
